// !$*UTF8*$!
{
	archiveVersion = 1;
	classes = {
	};
	objectVersion = 48;
	objects = {

/* Begin PBXBuildFile section */
		6BBBA0741FE081A100853FB8 /* TravelGuidesCollectionView.swift in Sources */ = {isa = PBXBuildFile; fileRef = 6BBBA0731FE081A100853FB8 /* TravelGuidesCollectionView.swift */; };
		6BBBA0761FE0820800853FB8 /* CitiesCollectionViewCell.swift in Sources */ = {isa = PBXBuildFile; fileRef = 6BBBA0751FE0820800853FB8 /* CitiesCollectionViewCell.swift */; };
		74DB86971FDE7C3F00106C89 /* AppDelegate.swift in Sources */ = {isa = PBXBuildFile; fileRef = 74DB86961FDE7C3F00106C89 /* AppDelegate.swift */; };
		74DB86991FDE7C3F00106C89 /* LoginViewController.swift in Sources */ = {isa = PBXBuildFile; fileRef = 74DB86981FDE7C3F00106C89 /* LoginViewController.swift */; };
		74DB869C1FDE7C3F00106C89 /* Login.storyboard in Resources */ = {isa = PBXBuildFile; fileRef = 74DB869A1FDE7C3F00106C89 /* Login.storyboard */; };
		74DB869E1FDE7C3F00106C89 /* Assets.xcassets in Resources */ = {isa = PBXBuildFile; fileRef = 74DB869D1FDE7C3F00106C89 /* Assets.xcassets */; };
		74DB86A11FDE7C3F00106C89 /* LaunchScreen.storyboard in Resources */ = {isa = PBXBuildFile; fileRef = 74DB869F1FDE7C3F00106C89 /* LaunchScreen.storyboard */; };
		74DB86AC1FDE7C3F00106C89 /* firstMiniChallengeTests.swift in Sources */ = {isa = PBXBuildFile; fileRef = 74DB86AB1FDE7C3F00106C89 /* firstMiniChallengeTests.swift */; };
		74DB86B71FDE7C3F00106C89 /* firstMiniChallengeUITests.swift in Sources */ = {isa = PBXBuildFile; fileRef = 74DB86B61FDE7C3F00106C89 /* firstMiniChallengeUITests.swift */; };
		74DB86C51FDE8DE600106C89 /* Homepage.storyboard in Resources */ = {isa = PBXBuildFile; fileRef = 74DB86C41FDE8DE600106C89 /* Homepage.storyboard */; };
		74DB86C81FDE904900106C89 /* HomepageViewController.swift in Sources */ = {isa = PBXBuildFile; fileRef = 74DB86C71FDE904900106C89 /* HomepageViewController.swift */; };
/* End PBXBuildFile section */

/* Begin PBXContainerItemProxy section */
		74DB86A81FDE7C3F00106C89 /* PBXContainerItemProxy */ = {
			isa = PBXContainerItemProxy;
			containerPortal = 74DB868B1FDE7C3E00106C89 /* Project object */;
			proxyType = 1;
			remoteGlobalIDString = 74DB86921FDE7C3F00106C89;
			remoteInfo = firstMiniChallenge;
		};
		74DB86B31FDE7C3F00106C89 /* PBXContainerItemProxy */ = {
			isa = PBXContainerItemProxy;
			containerPortal = 74DB868B1FDE7C3E00106C89 /* Project object */;
			proxyType = 1;
			remoteGlobalIDString = 74DB86921FDE7C3F00106C89;
			remoteInfo = firstMiniChallenge;
		};
/* End PBXContainerItemProxy section */

/* Begin PBXFileReference section */
		6BBBA0731FE081A100853FB8 /* TravelGuidesCollectionView.swift */ = {isa = PBXFileReference; lastKnownFileType = sourcecode.swift; path = TravelGuidesCollectionView.swift; sourceTree = "<group>"; };
		6BBBA0751FE0820800853FB8 /* CitiesCollectionViewCell.swift */ = {isa = PBXFileReference; lastKnownFileType = sourcecode.swift; path = CitiesCollectionViewCell.swift; sourceTree = "<group>"; };
		74DB86931FDE7C3F00106C89 /* firstMiniChallenge.app */ = {isa = PBXFileReference; explicitFileType = wrapper.application; includeInIndex = 0; path = firstMiniChallenge.app; sourceTree = BUILT_PRODUCTS_DIR; };
		74DB86961FDE7C3F00106C89 /* AppDelegate.swift */ = {isa = PBXFileReference; lastKnownFileType = sourcecode.swift; path = AppDelegate.swift; sourceTree = "<group>"; };
		74DB86981FDE7C3F00106C89 /* LoginViewController.swift */ = {isa = PBXFileReference; lastKnownFileType = sourcecode.swift; path = LoginViewController.swift; sourceTree = "<group>"; };
		74DB869B1FDE7C3F00106C89 /* Base */ = {isa = PBXFileReference; lastKnownFileType = file.storyboard; name = Base; path = Base.lproj/Login.storyboard; sourceTree = "<group>"; };
		74DB869D1FDE7C3F00106C89 /* Assets.xcassets */ = {isa = PBXFileReference; lastKnownFileType = folder.assetcatalog; path = Assets.xcassets; sourceTree = "<group>"; };
		74DB86A01FDE7C3F00106C89 /* Base */ = {isa = PBXFileReference; lastKnownFileType = file.storyboard; name = Base; path = Base.lproj/LaunchScreen.storyboard; sourceTree = "<group>"; };
		74DB86A21FDE7C3F00106C89 /* Info.plist */ = {isa = PBXFileReference; lastKnownFileType = text.plist.xml; path = Info.plist; sourceTree = "<group>"; };
		74DB86A71FDE7C3F00106C89 /* firstMiniChallengeTests.xctest */ = {isa = PBXFileReference; explicitFileType = wrapper.cfbundle; includeInIndex = 0; path = firstMiniChallengeTests.xctest; sourceTree = BUILT_PRODUCTS_DIR; };
		74DB86AB1FDE7C3F00106C89 /* firstMiniChallengeTests.swift */ = {isa = PBXFileReference; lastKnownFileType = sourcecode.swift; path = firstMiniChallengeTests.swift; sourceTree = "<group>"; };
		74DB86AD1FDE7C3F00106C89 /* Info.plist */ = {isa = PBXFileReference; lastKnownFileType = text.plist.xml; path = Info.plist; sourceTree = "<group>"; };
		74DB86B21FDE7C3F00106C89 /* firstMiniChallengeUITests.xctest */ = {isa = PBXFileReference; explicitFileType = wrapper.cfbundle; includeInIndex = 0; path = firstMiniChallengeUITests.xctest; sourceTree = BUILT_PRODUCTS_DIR; };
		74DB86B61FDE7C3F00106C89 /* firstMiniChallengeUITests.swift */ = {isa = PBXFileReference; lastKnownFileType = sourcecode.swift; path = firstMiniChallengeUITests.swift; sourceTree = "<group>"; };
		74DB86B81FDE7C3F00106C89 /* Info.plist */ = {isa = PBXFileReference; lastKnownFileType = text.plist.xml; path = Info.plist; sourceTree = "<group>"; };
		74DB86C41FDE8DE600106C89 /* Homepage.storyboard */ = {isa = PBXFileReference; lastKnownFileType = file.storyboard; path = Homepage.storyboard; sourceTree = "<group>"; };
		74DB86C71FDE904900106C89 /* HomepageViewController.swift */ = {isa = PBXFileReference; lastKnownFileType = sourcecode.swift; path = HomepageViewController.swift; sourceTree = "<group>"; };
/* End PBXFileReference section */

/* Begin PBXFrameworksBuildPhase section */
		74DB86901FDE7C3F00106C89 /* Frameworks */ = {
			isa = PBXFrameworksBuildPhase;
			buildActionMask = 2147483647;
			files = (
			);
			runOnlyForDeploymentPostprocessing = 0;
		};
		74DB86A41FDE7C3F00106C89 /* Frameworks */ = {
			isa = PBXFrameworksBuildPhase;
			buildActionMask = 2147483647;
			files = (
			);
			runOnlyForDeploymentPostprocessing = 0;
		};
		74DB86AF1FDE7C3F00106C89 /* Frameworks */ = {
			isa = PBXFrameworksBuildPhase;
			buildActionMask = 2147483647;
			files = (
			);
			runOnlyForDeploymentPostprocessing = 0;
		};
/* End PBXFrameworksBuildPhase section */

/* Begin PBXGroup section */
		74DB868A1FDE7C3E00106C89 = {
			isa = PBXGroup;
			children = (
				74DB86951FDE7C3F00106C89 /* firstMiniChallenge */,
				74DB86AA1FDE7C3F00106C89 /* firstMiniChallengeTests */,
				74DB86B51FDE7C3F00106C89 /* firstMiniChallengeUITests */,
				74DB86941FDE7C3F00106C89 /* Products */,
			);
			sourceTree = "<group>";
		};
		74DB86941FDE7C3F00106C89 /* Products */ = {
			isa = PBXGroup;
			children = (
				74DB86931FDE7C3F00106C89 /* firstMiniChallenge.app */,
				74DB86A71FDE7C3F00106C89 /* firstMiniChallengeTests.xctest */,
				74DB86B21FDE7C3F00106C89 /* firstMiniChallengeUITests.xctest */,
			);
			name = Products;
			sourceTree = "<group>";
		};
		74DB86951FDE7C3F00106C89 /* firstMiniChallenge */ = {
			isa = PBXGroup;
			children = (
				74DB86C61FDE901100106C89 /* Homepage */,
				74DB86961FDE7C3F00106C89 /* AppDelegate.swift */,
				74DB86981FDE7C3F00106C89 /* LoginViewController.swift */,
				74DB86C41FDE8DE600106C89 /* Homepage.storyboard */,
				74DB869A1FDE7C3F00106C89 /* Login.storyboard */,
				74DB869D1FDE7C3F00106C89 /* Assets.xcassets */,
				74DB869F1FDE7C3F00106C89 /* LaunchScreen.storyboard */,
				74DB86A21FDE7C3F00106C89 /* Info.plist */,
			);
			path = firstMiniChallenge;
			sourceTree = "<group>";
		};
		74DB86AA1FDE7C3F00106C89 /* firstMiniChallengeTests */ = {
			isa = PBXGroup;
			children = (
				74DB86AB1FDE7C3F00106C89 /* firstMiniChallengeTests.swift */,
				74DB86AD1FDE7C3F00106C89 /* Info.plist */,
			);
			path = firstMiniChallengeTests;
			sourceTree = "<group>";
		};
		74DB86B51FDE7C3F00106C89 /* firstMiniChallengeUITests */ = {
			isa = PBXGroup;
			children = (
				74DB86B61FDE7C3F00106C89 /* firstMiniChallengeUITests.swift */,
				74DB86B81FDE7C3F00106C89 /* Info.plist */,
			);
			path = firstMiniChallengeUITests;
			sourceTree = "<group>";
		};
		74DB86C61FDE901100106C89 /* Homepage */ = {
			isa = PBXGroup;
			children = (
				6BBBA0731FE081A100853FB8 /* TravelGuidesCollectionView.swift */,
				6BBBA0751FE0820800853FB8 /* CitiesCollectionViewCell.swift */,
				74DB86C71FDE904900106C89 /* HomepageViewController.swift */,
			);
			path = Homepage;
			sourceTree = "<group>";
		};
/* End PBXGroup section */

/* Begin PBXNativeTarget section */
		74DB86921FDE7C3F00106C89 /* firstMiniChallenge */ = {
			isa = PBXNativeTarget;
			buildConfigurationList = 74DB86BB1FDE7C3F00106C89 /* Build configuration list for PBXNativeTarget "firstMiniChallenge" */;
			buildPhases = (
				74DB868F1FDE7C3F00106C89 /* Sources */,
				74DB86901FDE7C3F00106C89 /* Frameworks */,
				74DB86911FDE7C3F00106C89 /* Resources */,
			);
			buildRules = (
			);
			dependencies = (
			);
			name = firstMiniChallenge;
			productName = firstMiniChallenge;
			productReference = 74DB86931FDE7C3F00106C89 /* firstMiniChallenge.app */;
			productType = "com.apple.product-type.application";
		};
		74DB86A61FDE7C3F00106C89 /* firstMiniChallengeTests */ = {
			isa = PBXNativeTarget;
			buildConfigurationList = 74DB86BE1FDE7C3F00106C89 /* Build configuration list for PBXNativeTarget "firstMiniChallengeTests" */;
			buildPhases = (
				74DB86A31FDE7C3F00106C89 /* Sources */,
				74DB86A41FDE7C3F00106C89 /* Frameworks */,
				74DB86A51FDE7C3F00106C89 /* Resources */,
			);
			buildRules = (
			);
			dependencies = (
				74DB86A91FDE7C3F00106C89 /* PBXTargetDependency */,
			);
			name = firstMiniChallengeTests;
			productName = firstMiniChallengeTests;
			productReference = 74DB86A71FDE7C3F00106C89 /* firstMiniChallengeTests.xctest */;
			productType = "com.apple.product-type.bundle.unit-test";
		};
		74DB86B11FDE7C3F00106C89 /* firstMiniChallengeUITests */ = {
			isa = PBXNativeTarget;
			buildConfigurationList = 74DB86C11FDE7C3F00106C89 /* Build configuration list for PBXNativeTarget "firstMiniChallengeUITests" */;
			buildPhases = (
				74DB86AE1FDE7C3F00106C89 /* Sources */,
				74DB86AF1FDE7C3F00106C89 /* Frameworks */,
				74DB86B01FDE7C3F00106C89 /* Resources */,
			);
			buildRules = (
			);
			dependencies = (
				74DB86B41FDE7C3F00106C89 /* PBXTargetDependency */,
			);
			name = firstMiniChallengeUITests;
			productName = firstMiniChallengeUITests;
			productReference = 74DB86B21FDE7C3F00106C89 /* firstMiniChallengeUITests.xctest */;
			productType = "com.apple.product-type.bundle.ui-testing";
		};
/* End PBXNativeTarget section */

/* Begin PBXProject section */
		74DB868B1FDE7C3E00106C89 /* Project object */ = {
			isa = PBXProject;
			attributes = {
				LastSwiftUpdateCheck = 0920;
				LastUpgradeCheck = 0920;
				ORGANIZATIONNAME = "Vincenzo Aceto";
				TargetAttributes = {
					74DB86921FDE7C3F00106C89 = {
						CreatedOnToolsVersion = 9.2;
						ProvisioningStyle = Automatic;
					};
					74DB86A61FDE7C3F00106C89 = {
						CreatedOnToolsVersion = 9.2;
						ProvisioningStyle = Automatic;
						TestTargetID = 74DB86921FDE7C3F00106C89;
					};
					74DB86B11FDE7C3F00106C89 = {
						CreatedOnToolsVersion = 9.2;
						ProvisioningStyle = Automatic;
						TestTargetID = 74DB86921FDE7C3F00106C89;
					};
				};
			};
			buildConfigurationList = 74DB868E1FDE7C3E00106C89 /* Build configuration list for PBXProject "firstMiniChallenge" */;
			compatibilityVersion = "Xcode 8.0";
			developmentRegion = en;
			hasScannedForEncodings = 0;
			knownRegions = (
				en,
				Base,
			);
			mainGroup = 74DB868A1FDE7C3E00106C89;
			productRefGroup = 74DB86941FDE7C3F00106C89 /* Products */;
			projectDirPath = "";
			projectRoot = "";
			targets = (
				74DB86921FDE7C3F00106C89 /* firstMiniChallenge */,
				74DB86A61FDE7C3F00106C89 /* firstMiniChallengeTests */,
				74DB86B11FDE7C3F00106C89 /* firstMiniChallengeUITests */,
			);
		};
/* End PBXProject section */

/* Begin PBXResourcesBuildPhase section */
		74DB86911FDE7C3F00106C89 /* Resources */ = {
			isa = PBXResourcesBuildPhase;
			buildActionMask = 2147483647;
			files = (
				74DB86C51FDE8DE600106C89 /* Homepage.storyboard in Resources */,
				74DB86A11FDE7C3F00106C89 /* LaunchScreen.storyboard in Resources */,
				74DB869E1FDE7C3F00106C89 /* Assets.xcassets in Resources */,
				74DB869C1FDE7C3F00106C89 /* Login.storyboard in Resources */,
			);
			runOnlyForDeploymentPostprocessing = 0;
		};
		74DB86A51FDE7C3F00106C89 /* Resources */ = {
			isa = PBXResourcesBuildPhase;
			buildActionMask = 2147483647;
			files = (
			);
			runOnlyForDeploymentPostprocessing = 0;
		};
		74DB86B01FDE7C3F00106C89 /* Resources */ = {
			isa = PBXResourcesBuildPhase;
			buildActionMask = 2147483647;
			files = (
			);
			runOnlyForDeploymentPostprocessing = 0;
		};
/* End PBXResourcesBuildPhase section */

/* Begin PBXSourcesBuildPhase section */
		74DB868F1FDE7C3F00106C89 /* Sources */ = {
			isa = PBXSourcesBuildPhase;
			buildActionMask = 2147483647;
			files = (
				74DB86991FDE7C3F00106C89 /* LoginViewController.swift in Sources */,
				6BBBA0761FE0820800853FB8 /* CitiesCollectionViewCell.swift in Sources */,
				74DB86971FDE7C3F00106C89 /* AppDelegate.swift in Sources */,
				6BBBA0741FE081A100853FB8 /* TravelGuidesCollectionView.swift in Sources */,
				74DB86C81FDE904900106C89 /* HomepageViewController.swift in Sources */,
			);
			runOnlyForDeploymentPostprocessing = 0;
		};
		74DB86A31FDE7C3F00106C89 /* Sources */ = {
			isa = PBXSourcesBuildPhase;
			buildActionMask = 2147483647;
			files = (
				74DB86AC1FDE7C3F00106C89 /* firstMiniChallengeTests.swift in Sources */,
			);
			runOnlyForDeploymentPostprocessing = 0;
		};
		74DB86AE1FDE7C3F00106C89 /* Sources */ = {
			isa = PBXSourcesBuildPhase;
			buildActionMask = 2147483647;
			files = (
				74DB86B71FDE7C3F00106C89 /* firstMiniChallengeUITests.swift in Sources */,
			);
			runOnlyForDeploymentPostprocessing = 0;
		};
/* End PBXSourcesBuildPhase section */

/* Begin PBXTargetDependency section */
		74DB86A91FDE7C3F00106C89 /* PBXTargetDependency */ = {
			isa = PBXTargetDependency;
			target = 74DB86921FDE7C3F00106C89 /* firstMiniChallenge */;
			targetProxy = 74DB86A81FDE7C3F00106C89 /* PBXContainerItemProxy */;
		};
		74DB86B41FDE7C3F00106C89 /* PBXTargetDependency */ = {
			isa = PBXTargetDependency;
			target = 74DB86921FDE7C3F00106C89 /* firstMiniChallenge */;
			targetProxy = 74DB86B31FDE7C3F00106C89 /* PBXContainerItemProxy */;
		};
/* End PBXTargetDependency section */

/* Begin PBXVariantGroup section */
		74DB869A1FDE7C3F00106C89 /* Login.storyboard */ = {
			isa = PBXVariantGroup;
			children = (
				74DB869B1FDE7C3F00106C89 /* Base */,
			);
			name = Login.storyboard;
			sourceTree = "<group>";
		};
		74DB869F1FDE7C3F00106C89 /* LaunchScreen.storyboard */ = {
			isa = PBXVariantGroup;
			children = (
				74DB86A01FDE7C3F00106C89 /* Base */,
			);
			name = LaunchScreen.storyboard;
			sourceTree = "<group>";
		};
/* End PBXVariantGroup section */

/* Begin XCBuildConfiguration section */
		74DB86B91FDE7C3F00106C89 /* Debug */ = {
			isa = XCBuildConfiguration;
			buildSettings = {
				ALWAYS_SEARCH_USER_PATHS = NO;
				CLANG_ANALYZER_NONNULL = YES;
				CLANG_ANALYZER_NUMBER_OBJECT_CONVERSION = YES_AGGRESSIVE;
				CLANG_CXX_LANGUAGE_STANDARD = "gnu++14";
				CLANG_CXX_LIBRARY = "libc++";
				CLANG_ENABLE_MODULES = YES;
				CLANG_ENABLE_OBJC_ARC = YES;
				CLANG_WARN_BLOCK_CAPTURE_AUTORELEASING = YES;
				CLANG_WARN_BOOL_CONVERSION = YES;
				CLANG_WARN_COMMA = YES;
				CLANG_WARN_CONSTANT_CONVERSION = YES;
				CLANG_WARN_DIRECT_OBJC_ISA_USAGE = YES_ERROR;
				CLANG_WARN_DOCUMENTATION_COMMENTS = YES;
				CLANG_WARN_EMPTY_BODY = YES;
				CLANG_WARN_ENUM_CONVERSION = YES;
				CLANG_WARN_INFINITE_RECURSION = YES;
				CLANG_WARN_INT_CONVERSION = YES;
				CLANG_WARN_NON_LITERAL_NULL_CONVERSION = YES;
				CLANG_WARN_OBJC_LITERAL_CONVERSION = YES;
				CLANG_WARN_OBJC_ROOT_CLASS = YES_ERROR;
				CLANG_WARN_RANGE_LOOP_ANALYSIS = YES;
				CLANG_WARN_STRICT_PROTOTYPES = YES;
				CLANG_WARN_SUSPICIOUS_MOVE = YES;
				CLANG_WARN_UNGUARDED_AVAILABILITY = YES_AGGRESSIVE;
				CLANG_WARN_UNREACHABLE_CODE = YES;
				CLANG_WARN__DUPLICATE_METHOD_MATCH = YES;
				CODE_SIGN_IDENTITY = "iPhone Developer";
				COPY_PHASE_STRIP = NO;
				DEBUG_INFORMATION_FORMAT = dwarf;
				ENABLE_STRICT_OBJC_MSGSEND = YES;
				ENABLE_TESTABILITY = YES;
				GCC_C_LANGUAGE_STANDARD = gnu11;
				GCC_DYNAMIC_NO_PIC = NO;
				GCC_NO_COMMON_BLOCKS = YES;
				GCC_OPTIMIZATION_LEVEL = 0;
				GCC_PREPROCESSOR_DEFINITIONS = (
					"DEBUG=1",
					"$(inherited)",
				);
				GCC_WARN_64_TO_32_BIT_CONVERSION = YES;
				GCC_WARN_ABOUT_RETURN_TYPE = YES_ERROR;
				GCC_WARN_UNDECLARED_SELECTOR = YES;
				GCC_WARN_UNINITIALIZED_AUTOS = YES_AGGRESSIVE;
				GCC_WARN_UNUSED_FUNCTION = YES;
				GCC_WARN_UNUSED_VARIABLE = YES;
				IPHONEOS_DEPLOYMENT_TARGET = 11.2;
				MTL_ENABLE_DEBUG_INFO = YES;
				ONLY_ACTIVE_ARCH = YES;
				SDKROOT = iphoneos;
				SWIFT_ACTIVE_COMPILATION_CONDITIONS = DEBUG;
				SWIFT_OPTIMIZATION_LEVEL = "-Onone";
			};
			name = Debug;
		};
		74DB86BA1FDE7C3F00106C89 /* Release */ = {
			isa = XCBuildConfiguration;
			buildSettings = {
				ALWAYS_SEARCH_USER_PATHS = NO;
				CLANG_ANALYZER_NONNULL = YES;
				CLANG_ANALYZER_NUMBER_OBJECT_CONVERSION = YES_AGGRESSIVE;
				CLANG_CXX_LANGUAGE_STANDARD = "gnu++14";
				CLANG_CXX_LIBRARY = "libc++";
				CLANG_ENABLE_MODULES = YES;
				CLANG_ENABLE_OBJC_ARC = YES;
				CLANG_WARN_BLOCK_CAPTURE_AUTORELEASING = YES;
				CLANG_WARN_BOOL_CONVERSION = YES;
				CLANG_WARN_COMMA = YES;
				CLANG_WARN_CONSTANT_CONVERSION = YES;
				CLANG_WARN_DIRECT_OBJC_ISA_USAGE = YES_ERROR;
				CLANG_WARN_DOCUMENTATION_COMMENTS = YES;
				CLANG_WARN_EMPTY_BODY = YES;
				CLANG_WARN_ENUM_CONVERSION = YES;
				CLANG_WARN_INFINITE_RECURSION = YES;
				CLANG_WARN_INT_CONVERSION = YES;
				CLANG_WARN_NON_LITERAL_NULL_CONVERSION = YES;
				CLANG_WARN_OBJC_LITERAL_CONVERSION = YES;
				CLANG_WARN_OBJC_ROOT_CLASS = YES_ERROR;
				CLANG_WARN_RANGE_LOOP_ANALYSIS = YES;
				CLANG_WARN_STRICT_PROTOTYPES = YES;
				CLANG_WARN_SUSPICIOUS_MOVE = YES;
				CLANG_WARN_UNGUARDED_AVAILABILITY = YES_AGGRESSIVE;
				CLANG_WARN_UNREACHABLE_CODE = YES;
				CLANG_WARN__DUPLICATE_METHOD_MATCH = YES;
				CODE_SIGN_IDENTITY = "iPhone Developer";
				COPY_PHASE_STRIP = NO;
				DEBUG_INFORMATION_FORMAT = "dwarf-with-dsym";
				ENABLE_NS_ASSERTIONS = NO;
				ENABLE_STRICT_OBJC_MSGSEND = YES;
				GCC_C_LANGUAGE_STANDARD = gnu11;
				GCC_NO_COMMON_BLOCKS = YES;
				GCC_WARN_64_TO_32_BIT_CONVERSION = YES;
				GCC_WARN_ABOUT_RETURN_TYPE = YES_ERROR;
				GCC_WARN_UNDECLARED_SELECTOR = YES;
				GCC_WARN_UNINITIALIZED_AUTOS = YES_AGGRESSIVE;
				GCC_WARN_UNUSED_FUNCTION = YES;
				GCC_WARN_UNUSED_VARIABLE = YES;
				IPHONEOS_DEPLOYMENT_TARGET = 11.2;
				MTL_ENABLE_DEBUG_INFO = NO;
				SDKROOT = iphoneos;
				SWIFT_OPTIMIZATION_LEVEL = "-Owholemodule";
				VALIDATE_PRODUCT = YES;
			};
			name = Release;
		};
		74DB86BC1FDE7C3F00106C89 /* Debug */ = {
			isa = XCBuildConfiguration;
			buildSettings = {
				ASSETCATALOG_COMPILER_APPICON_NAME = AppIcon;
				CODE_SIGN_STYLE = Automatic;
				INFOPLIST_FILE = firstMiniChallenge/Info.plist;
				LD_RUNPATH_SEARCH_PATHS = "$(inherited) @executable_path/Frameworks";
				PRODUCT_BUNDLE_IDENTIFIER = vincenzoaceto.firstMiniChallenge;
				PRODUCT_NAME = "$(TARGET_NAME)";
				SWIFT_VERSION = 4.0;
				TARGETED_DEVICE_FAMILY = "1,2";
			};
			name = Debug;
		};
		74DB86BD1FDE7C3F00106C89 /* Release */ = {
			isa = XCBuildConfiguration;
			buildSettings = {
				ASSETCATALOG_COMPILER_APPICON_NAME = AppIcon;
				CODE_SIGN_STYLE = Automatic;
				INFOPLIST_FILE = firstMiniChallenge/Info.plist;
				LD_RUNPATH_SEARCH_PATHS = "$(inherited) @executable_path/Frameworks";
				PRODUCT_BUNDLE_IDENTIFIER = vincenzoaceto.firstMiniChallenge;
				PRODUCT_NAME = "$(TARGET_NAME)";
				SWIFT_VERSION = 4.0;
				TARGETED_DEVICE_FAMILY = "1,2";
			};
			name = Release;
		};
		74DB86BF1FDE7C3F00106C89 /* Debug */ = {
			isa = XCBuildConfiguration;
			buildSettings = {
				ALWAYS_EMBED_SWIFT_STANDARD_LIBRARIES = YES;
				BUNDLE_LOADER = "$(TEST_HOST)";
				CODE_SIGN_STYLE = Automatic;
				INFOPLIST_FILE = firstMiniChallengeTests/Info.plist;
				LD_RUNPATH_SEARCH_PATHS = "$(inherited) @executable_path/Frameworks @loader_path/Frameworks";
				PRODUCT_BUNDLE_IDENTIFIER = vincenzoaceto.firstMiniChallengeTests;
				PRODUCT_NAME = "$(TARGET_NAME)";
				SWIFT_VERSION = 4.0;
				TARGETED_DEVICE_FAMILY = "1,2";
				TEST_HOST = "$(BUILT_PRODUCTS_DIR)/firstMiniChallenge.app/firstMiniChallenge";
			};
			name = Debug;
		};
		74DB86C01FDE7C3F00106C89 /* Release */ = {
			isa = XCBuildConfiguration;
			buildSettings = {
				ALWAYS_EMBED_SWIFT_STANDARD_LIBRARIES = YES;
				BUNDLE_LOADER = "$(TEST_HOST)";
				CODE_SIGN_STYLE = Automatic;
				INFOPLIST_FILE = firstMiniChallengeTests/Info.plist;
				LD_RUNPATH_SEARCH_PATHS = "$(inherited) @executable_path/Frameworks @loader_path/Frameworks";
				PRODUCT_BUNDLE_IDENTIFIER = vincenzoaceto.firstMiniChallengeTests;
				PRODUCT_NAME = "$(TARGET_NAME)";
				SWIFT_VERSION = 4.0;
				TARGETED_DEVICE_FAMILY = "1,2";
				TEST_HOST = "$(BUILT_PRODUCTS_DIR)/firstMiniChallenge.app/firstMiniChallenge";
			};
			name = Release;
		};
		74DB86C21FDE7C3F00106C89 /* Debug */ = {
			isa = XCBuildConfiguration;
			buildSettings = {
				ALWAYS_EMBED_SWIFT_STANDARD_LIBRARIES = YES;
				CODE_SIGN_STYLE = Automatic;
				INFOPLIST_FILE = firstMiniChallengeUITests/Info.plist;
				LD_RUNPATH_SEARCH_PATHS = "$(inherited) @executable_path/Frameworks @loader_path/Frameworks";
				PRODUCT_BUNDLE_IDENTIFIER = vincenzoaceto.firstMiniChallengeUITests;
				PRODUCT_NAME = "$(TARGET_NAME)";
				SWIFT_VERSION = 4.0;
				TARGETED_DEVICE_FAMILY = "1,2";
				TEST_TARGET_NAME = firstMiniChallenge;
			};
			name = Debug;
		};
		74DB86C31FDE7C3F00106C89 /* Release */ = {
			isa = XCBuildConfiguration;
			buildSettings = {
				ALWAYS_EMBED_SWIFT_STANDARD_LIBRARIES = YES;
				CODE_SIGN_STYLE = Automatic;
				INFOPLIST_FILE = firstMiniChallengeUITests/Info.plist;
				LD_RUNPATH_SEARCH_PATHS = "$(inherited) @executable_path/Frameworks @loader_path/Frameworks";
				PRODUCT_BUNDLE_IDENTIFIER = vincenzoaceto.firstMiniChallengeUITests;
				PRODUCT_NAME = "$(TARGET_NAME)";
				SWIFT_VERSION = 4.0;
				TARGETED_DEVICE_FAMILY = "1,2";
				TEST_TARGET_NAME = firstMiniChallenge;
			};
			name = Release;
		};
/* End XCBuildConfiguration section */

/* Begin XCConfigurationList section */
		74DB868E1FDE7C3E00106C89 /* Build configuration list for PBXProject "firstMiniChallenge" */ = {
			isa = XCConfigurationList;
			buildConfigurations = (
				74DB86B91FDE7C3F00106C89 /* Debug */,
				74DB86BA1FDE7C3F00106C89 /* Release */,
			);
			defaultConfigurationIsVisible = 0;
			defaultConfigurationName = Release;
		};
		74DB86BB1FDE7C3F00106C89 /* Build configuration list for PBXNativeTarget "firstMiniChallenge" */ = {
			isa = XCConfigurationList;
			buildConfigurations = (
				74DB86BC1FDE7C3F00106C89 /* Debug */,
				74DB86BD1FDE7C3F00106C89 /* Release */,
			);
			defaultConfigurationIsVisible = 0;
			defaultConfigurationName = Release;
		};
		74DB86BE1FDE7C3F00106C89 /* Build configuration list for PBXNativeTarget "firstMiniChallengeTests" */ = {
			isa = XCConfigurationList;
			buildConfigurations = (
				74DB86BF1FDE7C3F00106C89 /* Debug */,
				74DB86C01FDE7C3F00106C89 /* Release */,
			);
			defaultConfigurationIsVisible = 0;
			defaultConfigurationName = Release;
		};
		74DB86C11FDE7C3F00106C89 /* Build configuration list for PBXNativeTarget "firstMiniChallengeUITests" */ = {
			isa = XCConfigurationList;
			buildConfigurations = (
				74DB86C21FDE7C3F00106C89 /* Debug */,
				74DB86C31FDE7C3F00106C89 /* Release */,
			);
			defaultConfigurationIsVisible = 0;
			defaultConfigurationName = Release;
		};
/* End XCConfigurationList section */
	};
	rootObject = 74DB868B1FDE7C3E00106C89 /* Project object */;
}
